{
  "name": "@dev-demands/root",
  "version": "1.0.0",
  "lockfileVersion": 1,
  "requires": true,
  "dependencies": {
    "graphql": {
      "version": "15.5.1",
      "resolved": "https://registry.npmjs.org/graphql/-/graphql-15.5.1.tgz",
      "integrity": "sha512-FeTRX67T3LoE3LWAxxOlW2K3Bz+rMYAC18rRguK4wgXaTZMiJwSUwDmPFo3UadAKbzirKIg5Qy+sNJXbpPRnQw=="
    },
    "pnpm": {
      "version": "6.14.1",
      "resolved": "https://registry.npmjs.org/pnpm/-/pnpm-6.14.1.tgz",
      "integrity": "sha512-P4BXWVk2+698FzzOkmm4M9Cxf9YmzOAC4cgqEzDBW3tDMZH0mNBws8B2NXzhhr76Qi5Ch7azDbMTHS9iI3cRTw=="
    }
  }
}
